
Microsoft Visual Studio Solution File, Format Version 12.00
# Visual Studio Version 17
VisualStudioVersion = 17.1.32210.238
MinimumVisualStudioVersion = 10.0.40219.1
Project("{9A19103F-16F7-4668-BE54-9A1E7A4F7556}") = "RocketBlend", "src\RocketBlend\RocketBlend.csproj", "{90440547-F0B4-431B-88F9-100835120E02}"
EndProject
Project("{9A19103F-16F7-4668-BE54-9A1E7A4F7556}") = "RocketBlend.Domain", "src\RocketBlend.Domain\RocketBlend.Domain.csproj", "{AA00406E-9111-4487-A44E-249B85CA9456}"
EndProject
Project("{9A19103F-16F7-4668-BE54-9A1E7A4F7556}") = "RocketBlend.Application", "src\RocketBlend.Application\RocketBlend.Application.csproj", "{313E1943-F505-46E0-B637-918486BB4713}"
EndProject
Project("{2150E333-8FDC-42A3-9474-1A3956D46DE8}") = "01.Common", "01.Common", "{032E6F8D-A389-4395-ADDE-04C9E43113F0}"
EndProject
Project("{9A19103F-16F7-4668-BE54-9A1E7A4F7556}") = "RocketBlend.Common.CrossCuttingConcerns", "src\RocketBlend.Common.CrossCuttingConcerns\RocketBlend.Common.CrossCuttingConcerns.csproj", "{2560F65C-7264-49BE-9228-1CFDFEBE028F}"
EndProject
Project("{9A19103F-16F7-4668-BE54-9A1E7A4F7556}") = "RocketBlend.Common.Domain", "src\RocketBlend.Common.Domain\RocketBlend.Common.Domain.csproj", "{5D75B7B9-947E-413F-9314-042D0A4B2D7C}"
EndProject
Project("{2150E333-8FDC-42A3-9474-1A3956D46DE8}") = "01.Packages", "01.Packages", "{3A2B5BA6-0842-477F-A84E-F480B24F4B28}"
EndProject
Project("{9A19103F-16F7-4668-BE54-9A1E7A4F7556}") = "RocketBlend.Common.Infrastructure", "src\RocketBlend.Common.Infrastructure\RocketBlend.Common.Infrastructure.csproj", "{81DA3A41-F52D-4D1B-8536-AF42AED78C4A}"
EndProject
Project("{9A19103F-16F7-4668-BE54-9A1E7A4F7556}") = "RocketBlend.Common.Application", "src\RocketBlend.Common.Application\RocketBlend.Common.Application.csproj", "{F29B70B2-CC32-4218-BF1B-624C225B4317}"
EndProject
Project("{9A19103F-16F7-4668-BE54-9A1E7A4F7556}") = "RocketBlend.Common.Caching", "src\RocketBlend.Common.Caching\RocketBlend.Common.Caching.csproj", "{6274436D-05F8-4E9F-9BC5-AE91D80DC9AC}"
EndProject
Project("{9A19103F-16F7-4668-BE54-9A1E7A4F7556}") = "RocketBlend.Common.Caching.Interfaces", "src\RocketBlend.Common.Caching.Interfaces\RocketBlend.Common.Caching.Interfaces.csproj", "{560245E8-6AC8-4211-A31B-501A3B543597}"
EndProject
Project("{2150E333-8FDC-42A3-9474-1A3956D46DE8}") = "Caching", "Caching", "{D86B31C3-819B-45EC-AD2B-78CC4D55C261}"
EndProject
Project("{2150E333-8FDC-42A3-9474-1A3956D46DE8}") = "AppVersion", "AppVersion", "{4CC9ABBF-4B33-4359-BAFF-B71838BD6CDE}"
EndProject
Project("{9A19103F-16F7-4668-BE54-9A1E7A4F7556}") = "RocketBlend.Common.AppInfo", "src\RocketBlend.Common.AppVersion\RocketBlend.Common.AppInfo.csproj", "{E3719042-B820-4292-8130-5BC06267EF95}"
EndProject
Project("{9A19103F-16F7-4668-BE54-9A1E7A4F7556}") = "RocketBlend.Infrastructure", "src\RocketBlend.Infrastructure\RocketBlend.Infrastructure.csproj", "{6F6ABA95-8493-474C-9B9B-71C9B8F351DF}"
EndProject
Project("{2150E333-8FDC-42A3-9474-1A3956D46DE8}") = "02.Tests", "02.Tests", "{945FF73F-674F-4C08-87C2-FB1EA1F6A104}"
EndProject
Project("{2150E333-8FDC-42A3-9474-1A3956D46DE8}") = "03.Presentations", "03.Presentations", "{B00C1513-1659-4AA4-AA3C-D4F031D84BC7}"
EndProject
Project("{2150E333-8FDC-42A3-9474-1A3956D46DE8}") = "04.Backends", "04.Backends", "{910E5210-D373-4087-93B5-16556E9F5A85}"
EndProject
Project("{2150E333-8FDC-42A3-9474-1A3956D46DE8}") = "WebScraper", "WebScraper", "{39EE62E9-6773-4953-915E-1D227DE11C79}"
EndProject
Project("{9A19103F-16F7-4668-BE54-9A1E7A4F7556}") = "RocketBlend.WebScraper.Blender", "src\RocketBlend.WebScraper.Blender\RocketBlend.WebScraper.Blender.csproj", "{251531C0-90F9-42FF-8BDE-45605DCF580E}"
EndProject
Project("{9A19103F-16F7-4668-BE54-9A1E7A4F7556}") = "RocketBlend.WebScraper.Blender.Core", "src\RocketBlend.WebScraper.Blender.Core\RocketBlend.WebScraper.Blender.Core.csproj", "{86435531-1DB5-4954-8F9F-8187D30BD7F0}"
EndProject
Project("{9A19103F-16F7-4668-BE54-9A1E7A4F7556}") = "RocketBlend.WebScraper.Blender.Console", "src\RocketBlend.WebScraper.Blender.Console\RocketBlend.WebScraper.Blender.Console.csproj", "{2AF26641-5B82-46F2-8211-6B709FD7585E}"
EndProject
Project("{2150E333-8FDC-42A3-9474-1A3956D46DE8}") = "FileDownloader", "FileDownloader", "{C8E30A8C-D6FA-4BA9-9315-2D2A2ADDA443}"
EndProject
Project("{9A19103F-16F7-4668-BE54-9A1E7A4F7556}") = "RocketBlend.FileDownloader.Interfaces", "src\RocketBlend.FileDownloader.Interfaces\RocketBlend.FileDownloader.Interfaces.csproj", "{C1983AC6-0F3B-4161-BB8A-8F98EEC62895}"
EndProject
Project("{9A19103F-16F7-4668-BE54-9A1E7A4F7556}") = "RocketBlend.FileDownloader", "src\RocketBlend.FileDownloader\RocketBlend.FileDownloader.csproj", "{C79358C2-CCD4-4372-8C20-2DD14A8E09D1}"
EndProject
Project("{9A19103F-16F7-4668-BE54-9A1E7A4F7556}") = "RocketBlend.FileDownloader.DependencyInjectionExtensions", "src\RocketBlend.FileDownloader.DependencyInjectionExtensions\RocketBlend.FileDownloader.DependencyInjectionExtensions.csproj", "{7E53FBE2-A01F-4021-83D5-A6B6B9981926}"
EndProject
Project("{2150E333-8FDC-42A3-9474-1A3956D46DE8}") = "Blender", "Blender", "{FB701168-2A4D-44F5-A311-00FAF03C5D21}"
EndProject
Project("{9A19103F-16F7-4668-BE54-9A1E7A4F7556}") = "RocketBlend.Blender", "src\RocketBlend.Blender\RocketBlend.Blender.csproj", "{BA9A23FC-2BE2-493C-8BDD-FCC2459589E6}"
EndProject
Project("{9A19103F-16F7-4668-BE54-9A1E7A4F7556}") = "RocketBlend.Blender.Interfaces", "src\RocketBlend.Blender.Interfaces\RocketBlend.Blender.Interfaces.csproj", "{23888AFB-9CC3-480C-8965-1EE7676E9C1B}"
EndProject
Project("{9A19103F-16F7-4668-BE54-9A1E7A4F7556}") = "RocketBlend.Core", "src\RocketBlend.Core\RocketBlend.Core.csproj", "{722022C7-F6A5-4D9A-8B23-128E6BC94C50}"
EndProject
Project("{2150E333-8FDC-42A3-9474-1A3956D46DE8}") = "00.Old", "00.Old", "{77887E61-1C0A-4535-AD99-760B17175A56}"
EndProject
Project("{9A19103F-16F7-4668-BE54-9A1E7A4F7556}") = "RocketBlend.Presentation.Avalonia", "src\RocketBlend.Presentation.Avalonia\RocketBlend.Presentation.Avalonia.csproj", "{6D440024-9E76-404C-9C05-80D625BADEF7}"
EndProject
Project("{9A19103F-16F7-4668-BE54-9A1E7A4F7556}") = "RocketBlend.Presentation", "src\RocketBlend.Presentation\RocketBlend.Presentation.csproj", "{3D260B1B-45A0-42CF-80FC-17F14E6E4F14}"
EndProject
Project("{9A19103F-16F7-4668-BE54-9A1E7A4F7556}") = "Horizon.Avalonia", "src\Horizon.Avalonia\Horizon.Avalonia.csproj", "{E70BD416-CE42-4C15-84EA-6AF287B80693}"
EndProject
Project("{2150E333-8FDC-42A3-9474-1A3956D46DE8}") = "Avalonia", "Avalonia", "{B6EAC4CC-8850-461E-8DCD-135D5E9E3BB2}"
EndProject
Project("{9A19103F-16F7-4668-BE54-9A1E7A4F7556}") = "RocketBlend.Avalonia.Interfaces", "src\RocketBlend.Avalonia.Interfaces\RocketBlend.Avalonia.Interfaces.csproj", "{C8D45C39-A563-4236-A3E9-6B1647D9227C}"
EndProject
Project("{9A19103F-16F7-4668-BE54-9A1E7A4F7556}") = "RocketBlend.Avalonia.Core", "src\RocketBlend.Avalonia.Core\RocketBlend.Avalonia.Core.csproj", "{9EE7263A-AE20-4E66-92FB-6FC8E72EAC64}"
EndProject
Project("{2150E333-8FDC-42A3-9474-1A3956D46DE8}") = "06.Services", "06.Services", "{61506C71-05DF-4373-A0F6-AECC352CE17B}"
EndProject
Project("{9A19103F-16F7-4668-BE54-9A1E7A4F7556}") = "RocketBlend.Services.Environment", "src\RocketBlend.Services.Environment\RocketBlend.Services.Environment.csproj", "{FCC56EAB-763F-476E-9F66-55484C67E540}"
EndProject
Project("{9A19103F-16F7-4668-BE54-9A1E7A4F7556}") = "RocketBlend.Services", "src\RocketBlend.Services\RocketBlend.Services.csproj", "{7CE53ED7-3718-4B5C-A3DA-A5CC7E705707}"
EndProject
Project("{9A19103F-16F7-4668-BE54-9A1E7A4F7556}") = "RocketBlend.Extensions", "src\RocketBlend.Extensions\RocketBlend.Extensions.csproj", "{80CCF5E8-471F-4DA6-B972-99111426D08D}"
EndProject
Project("{2150E333-8FDC-42A3-9474-1A3956D46DE8}") = "03.Themes", "03.Themes", "{554C4DA1-538C-40C7-AB71-9FC584AF97BF}"
EndProject
Project("{2150E333-8FDC-42A3-9474-1A3956D46DE8}") = "04.Presentation", "04.Presentation", "{98864387-DDCE-48C6-BF69-36188FE2DB1E}"
EndProject
Project("{9A19103F-16F7-4668-BE54-9A1E7A4F7556}") = "RocketBlend.Services.Abstractions", "src\RocketBlend.Services.Abstractions\RocketBlend.Services.Abstractions.csproj", "{A287B25F-4F13-413F-8567-459B1720DC40}"
EndProject
Project("{9A19103F-16F7-4668-BE54-9A1E7A4F7556}") = "RocketBlend.Services.Downloader", "src\RocketBlend.Services.Downloader\RocketBlend.Services.Downloader.csproj", "{E6212D8F-86CA-4C6C-BD3C-C608B3558A06}"
EndProject
Project("{FAE04EC0-301F-11D3-BF4B-00C04F79EFBC}") = "RocketBlend.Services.Operations", "src\RocketBlend.Services.Operations\RocketBlend.Services.Operations.csproj", "{F9125B56-C6B8-4DFA-BF74-76157C2D092B}"
EndProject
Project("{FAE04EC0-301F-11D3-BF4B-00C04F79EFBC}") = "RocketBlend.Services.Windows", "src\RocketBlend.Services.Windows\RocketBlend.Services.Windows.csproj", "{12B005C5-C6FB-4501-AE8D-6F84BFB2D915}"
EndProject
Project("{FAE04EC0-301F-11D3-BF4B-00C04F79EFBC}") = "RocketBlend.Services.AllPlatforms", "src\RocketBlend.Services.AllPlatforms\RocketBlend.Services.AllPlatforms.csproj", "{82BBCD49-54C4-4636-9C47-7D00DD26BEC9}"
EndProject
Project("{FAE04EC0-301F-11D3-BF4B-00C04F79EFBC}") = "RocketBlend.Services.Archive", "src\RocketBlend.Services.Archive\RocketBlend.Services.Archive.csproj", "{98DBAFDB-857E-448D-BC44-81BB9CBAFB42}"
EndProject
Global
	GlobalSection(SolutionConfigurationPlatforms) = preSolution
		Debug|Any CPU = Debug|Any CPU
		Release|Any CPU = Release|Any CPU
	EndGlobalSection
	GlobalSection(ProjectConfigurationPlatforms) = postSolution
		{90440547-F0B4-431B-88F9-100835120E02}.Debug|Any CPU.ActiveCfg = Debug|Any CPU
		{90440547-F0B4-431B-88F9-100835120E02}.Debug|Any CPU.Build.0 = Debug|Any CPU
		{90440547-F0B4-431B-88F9-100835120E02}.Release|Any CPU.ActiveCfg = Release|Any CPU
		{90440547-F0B4-431B-88F9-100835120E02}.Release|Any CPU.Build.0 = Release|Any CPU
		{AA00406E-9111-4487-A44E-249B85CA9456}.Debug|Any CPU.ActiveCfg = Debug|Any CPU
		{AA00406E-9111-4487-A44E-249B85CA9456}.Debug|Any CPU.Build.0 = Debug|Any CPU
		{AA00406E-9111-4487-A44E-249B85CA9456}.Release|Any CPU.ActiveCfg = Release|Any CPU
		{AA00406E-9111-4487-A44E-249B85CA9456}.Release|Any CPU.Build.0 = Release|Any CPU
		{313E1943-F505-46E0-B637-918486BB4713}.Debug|Any CPU.ActiveCfg = Debug|Any CPU
		{313E1943-F505-46E0-B637-918486BB4713}.Debug|Any CPU.Build.0 = Debug|Any CPU
		{313E1943-F505-46E0-B637-918486BB4713}.Release|Any CPU.ActiveCfg = Release|Any CPU
		{313E1943-F505-46E0-B637-918486BB4713}.Release|Any CPU.Build.0 = Release|Any CPU
		{2560F65C-7264-49BE-9228-1CFDFEBE028F}.Debug|Any CPU.ActiveCfg = Debug|Any CPU
		{2560F65C-7264-49BE-9228-1CFDFEBE028F}.Debug|Any CPU.Build.0 = Debug|Any CPU
		{2560F65C-7264-49BE-9228-1CFDFEBE028F}.Release|Any CPU.ActiveCfg = Release|Any CPU
		{2560F65C-7264-49BE-9228-1CFDFEBE028F}.Release|Any CPU.Build.0 = Release|Any CPU
		{5D75B7B9-947E-413F-9314-042D0A4B2D7C}.Debug|Any CPU.ActiveCfg = Debug|Any CPU
		{5D75B7B9-947E-413F-9314-042D0A4B2D7C}.Debug|Any CPU.Build.0 = Debug|Any CPU
		{5D75B7B9-947E-413F-9314-042D0A4B2D7C}.Release|Any CPU.ActiveCfg = Release|Any CPU
		{5D75B7B9-947E-413F-9314-042D0A4B2D7C}.Release|Any CPU.Build.0 = Release|Any CPU
		{81DA3A41-F52D-4D1B-8536-AF42AED78C4A}.Debug|Any CPU.ActiveCfg = Debug|Any CPU
		{81DA3A41-F52D-4D1B-8536-AF42AED78C4A}.Debug|Any CPU.Build.0 = Debug|Any CPU
		{81DA3A41-F52D-4D1B-8536-AF42AED78C4A}.Release|Any CPU.ActiveCfg = Release|Any CPU
		{81DA3A41-F52D-4D1B-8536-AF42AED78C4A}.Release|Any CPU.Build.0 = Release|Any CPU
		{F29B70B2-CC32-4218-BF1B-624C225B4317}.Debug|Any CPU.ActiveCfg = Debug|Any CPU
		{F29B70B2-CC32-4218-BF1B-624C225B4317}.Debug|Any CPU.Build.0 = Debug|Any CPU
		{F29B70B2-CC32-4218-BF1B-624C225B4317}.Release|Any CPU.ActiveCfg = Release|Any CPU
		{F29B70B2-CC32-4218-BF1B-624C225B4317}.Release|Any CPU.Build.0 = Release|Any CPU
		{6274436D-05F8-4E9F-9BC5-AE91D80DC9AC}.Debug|Any CPU.ActiveCfg = Debug|Any CPU
		{6274436D-05F8-4E9F-9BC5-AE91D80DC9AC}.Debug|Any CPU.Build.0 = Debug|Any CPU
		{6274436D-05F8-4E9F-9BC5-AE91D80DC9AC}.Release|Any CPU.ActiveCfg = Release|Any CPU
		{6274436D-05F8-4E9F-9BC5-AE91D80DC9AC}.Release|Any CPU.Build.0 = Release|Any CPU
		{560245E8-6AC8-4211-A31B-501A3B543597}.Debug|Any CPU.ActiveCfg = Debug|Any CPU
		{560245E8-6AC8-4211-A31B-501A3B543597}.Debug|Any CPU.Build.0 = Debug|Any CPU
		{560245E8-6AC8-4211-A31B-501A3B543597}.Release|Any CPU.ActiveCfg = Release|Any CPU
		{560245E8-6AC8-4211-A31B-501A3B543597}.Release|Any CPU.Build.0 = Release|Any CPU
		{E3719042-B820-4292-8130-5BC06267EF95}.Debug|Any CPU.ActiveCfg = Debug|Any CPU
		{E3719042-B820-4292-8130-5BC06267EF95}.Debug|Any CPU.Build.0 = Debug|Any CPU
		{E3719042-B820-4292-8130-5BC06267EF95}.Release|Any CPU.ActiveCfg = Release|Any CPU
		{E3719042-B820-4292-8130-5BC06267EF95}.Release|Any CPU.Build.0 = Release|Any CPU
		{6F6ABA95-8493-474C-9B9B-71C9B8F351DF}.Debug|Any CPU.ActiveCfg = Debug|Any CPU
		{6F6ABA95-8493-474C-9B9B-71C9B8F351DF}.Debug|Any CPU.Build.0 = Debug|Any CPU
		{6F6ABA95-8493-474C-9B9B-71C9B8F351DF}.Release|Any CPU.ActiveCfg = Release|Any CPU
		{6F6ABA95-8493-474C-9B9B-71C9B8F351DF}.Release|Any CPU.Build.0 = Release|Any CPU
		{251531C0-90F9-42FF-8BDE-45605DCF580E}.Debug|Any CPU.ActiveCfg = Debug|Any CPU
		{251531C0-90F9-42FF-8BDE-45605DCF580E}.Debug|Any CPU.Build.0 = Debug|Any CPU
		{251531C0-90F9-42FF-8BDE-45605DCF580E}.Release|Any CPU.ActiveCfg = Release|Any CPU
		{251531C0-90F9-42FF-8BDE-45605DCF580E}.Release|Any CPU.Build.0 = Release|Any CPU
		{86435531-1DB5-4954-8F9F-8187D30BD7F0}.Debug|Any CPU.ActiveCfg = Debug|Any CPU
		{86435531-1DB5-4954-8F9F-8187D30BD7F0}.Debug|Any CPU.Build.0 = Debug|Any CPU
		{86435531-1DB5-4954-8F9F-8187D30BD7F0}.Release|Any CPU.ActiveCfg = Release|Any CPU
		{86435531-1DB5-4954-8F9F-8187D30BD7F0}.Release|Any CPU.Build.0 = Release|Any CPU
		{2AF26641-5B82-46F2-8211-6B709FD7585E}.Debug|Any CPU.ActiveCfg = Debug|Any CPU
		{2AF26641-5B82-46F2-8211-6B709FD7585E}.Debug|Any CPU.Build.0 = Debug|Any CPU
		{2AF26641-5B82-46F2-8211-6B709FD7585E}.Release|Any CPU.ActiveCfg = Release|Any CPU
		{2AF26641-5B82-46F2-8211-6B709FD7585E}.Release|Any CPU.Build.0 = Release|Any CPU
		{C1983AC6-0F3B-4161-BB8A-8F98EEC62895}.Debug|Any CPU.ActiveCfg = Debug|Any CPU
		{C1983AC6-0F3B-4161-BB8A-8F98EEC62895}.Debug|Any CPU.Build.0 = Debug|Any CPU
		{C1983AC6-0F3B-4161-BB8A-8F98EEC62895}.Release|Any CPU.ActiveCfg = Release|Any CPU
		{C1983AC6-0F3B-4161-BB8A-8F98EEC62895}.Release|Any CPU.Build.0 = Release|Any CPU
		{C79358C2-CCD4-4372-8C20-2DD14A8E09D1}.Debug|Any CPU.ActiveCfg = Debug|Any CPU
		{C79358C2-CCD4-4372-8C20-2DD14A8E09D1}.Debug|Any CPU.Build.0 = Debug|Any CPU
		{C79358C2-CCD4-4372-8C20-2DD14A8E09D1}.Release|Any CPU.ActiveCfg = Release|Any CPU
		{C79358C2-CCD4-4372-8C20-2DD14A8E09D1}.Release|Any CPU.Build.0 = Release|Any CPU
		{7E53FBE2-A01F-4021-83D5-A6B6B9981926}.Debug|Any CPU.ActiveCfg = Debug|Any CPU
		{7E53FBE2-A01F-4021-83D5-A6B6B9981926}.Debug|Any CPU.Build.0 = Debug|Any CPU
		{7E53FBE2-A01F-4021-83D5-A6B6B9981926}.Release|Any CPU.ActiveCfg = Release|Any CPU
		{7E53FBE2-A01F-4021-83D5-A6B6B9981926}.Release|Any CPU.Build.0 = Release|Any CPU
		{BA9A23FC-2BE2-493C-8BDD-FCC2459589E6}.Debug|Any CPU.ActiveCfg = Debug|Any CPU
		{BA9A23FC-2BE2-493C-8BDD-FCC2459589E6}.Debug|Any CPU.Build.0 = Debug|Any CPU
		{BA9A23FC-2BE2-493C-8BDD-FCC2459589E6}.Release|Any CPU.ActiveCfg = Release|Any CPU
		{BA9A23FC-2BE2-493C-8BDD-FCC2459589E6}.Release|Any CPU.Build.0 = Release|Any CPU
		{23888AFB-9CC3-480C-8965-1EE7676E9C1B}.Debug|Any CPU.ActiveCfg = Debug|Any CPU
		{23888AFB-9CC3-480C-8965-1EE7676E9C1B}.Debug|Any CPU.Build.0 = Debug|Any CPU
		{23888AFB-9CC3-480C-8965-1EE7676E9C1B}.Release|Any CPU.ActiveCfg = Release|Any CPU
		{23888AFB-9CC3-480C-8965-1EE7676E9C1B}.Release|Any CPU.Build.0 = Release|Any CPU
		{722022C7-F6A5-4D9A-8B23-128E6BC94C50}.Debug|Any CPU.ActiveCfg = Debug|Any CPU
		{722022C7-F6A5-4D9A-8B23-128E6BC94C50}.Debug|Any CPU.Build.0 = Debug|Any CPU
		{722022C7-F6A5-4D9A-8B23-128E6BC94C50}.Release|Any CPU.ActiveCfg = Release|Any CPU
		{722022C7-F6A5-4D9A-8B23-128E6BC94C50}.Release|Any CPU.Build.0 = Release|Any CPU
		{6D440024-9E76-404C-9C05-80D625BADEF7}.Debug|Any CPU.ActiveCfg = Debug|Any CPU
		{6D440024-9E76-404C-9C05-80D625BADEF7}.Debug|Any CPU.Build.0 = Debug|Any CPU
		{6D440024-9E76-404C-9C05-80D625BADEF7}.Release|Any CPU.ActiveCfg = Release|Any CPU
		{6D440024-9E76-404C-9C05-80D625BADEF7}.Release|Any CPU.Build.0 = Release|Any CPU
		{3D260B1B-45A0-42CF-80FC-17F14E6E4F14}.Debug|Any CPU.ActiveCfg = Debug|Any CPU
		{3D260B1B-45A0-42CF-80FC-17F14E6E4F14}.Debug|Any CPU.Build.0 = Debug|Any CPU
		{3D260B1B-45A0-42CF-80FC-17F14E6E4F14}.Release|Any CPU.ActiveCfg = Release|Any CPU
		{3D260B1B-45A0-42CF-80FC-17F14E6E4F14}.Release|Any CPU.Build.0 = Release|Any CPU
		{E70BD416-CE42-4C15-84EA-6AF287B80693}.Debug|Any CPU.ActiveCfg = Debug|Any CPU
		{E70BD416-CE42-4C15-84EA-6AF287B80693}.Debug|Any CPU.Build.0 = Debug|Any CPU
		{E70BD416-CE42-4C15-84EA-6AF287B80693}.Release|Any CPU.ActiveCfg = Release|Any CPU
		{E70BD416-CE42-4C15-84EA-6AF287B80693}.Release|Any CPU.Build.0 = Release|Any CPU
		{C8D45C39-A563-4236-A3E9-6B1647D9227C}.Debug|Any CPU.ActiveCfg = Debug|Any CPU
		{C8D45C39-A563-4236-A3E9-6B1647D9227C}.Debug|Any CPU.Build.0 = Debug|Any CPU
		{C8D45C39-A563-4236-A3E9-6B1647D9227C}.Release|Any CPU.ActiveCfg = Release|Any CPU
		{C8D45C39-A563-4236-A3E9-6B1647D9227C}.Release|Any CPU.Build.0 = Release|Any CPU
		{9EE7263A-AE20-4E66-92FB-6FC8E72EAC64}.Debug|Any CPU.ActiveCfg = Debug|Any CPU
		{9EE7263A-AE20-4E66-92FB-6FC8E72EAC64}.Debug|Any CPU.Build.0 = Debug|Any CPU
		{9EE7263A-AE20-4E66-92FB-6FC8E72EAC64}.Release|Any CPU.ActiveCfg = Release|Any CPU
		{9EE7263A-AE20-4E66-92FB-6FC8E72EAC64}.Release|Any CPU.Build.0 = Release|Any CPU
		{FCC56EAB-763F-476E-9F66-55484C67E540}.Debug|Any CPU.ActiveCfg = Debug|Any CPU
		{FCC56EAB-763F-476E-9F66-55484C67E540}.Debug|Any CPU.Build.0 = Debug|Any CPU
		{FCC56EAB-763F-476E-9F66-55484C67E540}.Release|Any CPU.ActiveCfg = Release|Any CPU
		{FCC56EAB-763F-476E-9F66-55484C67E540}.Release|Any CPU.Build.0 = Release|Any CPU
		{7CE53ED7-3718-4B5C-A3DA-A5CC7E705707}.Debug|Any CPU.ActiveCfg = Debug|Any CPU
		{7CE53ED7-3718-4B5C-A3DA-A5CC7E705707}.Debug|Any CPU.Build.0 = Debug|Any CPU
		{7CE53ED7-3718-4B5C-A3DA-A5CC7E705707}.Release|Any CPU.ActiveCfg = Release|Any CPU
		{7CE53ED7-3718-4B5C-A3DA-A5CC7E705707}.Release|Any CPU.Build.0 = Release|Any CPU
		{80CCF5E8-471F-4DA6-B972-99111426D08D}.Debug|Any CPU.ActiveCfg = Debug|Any CPU
		{80CCF5E8-471F-4DA6-B972-99111426D08D}.Debug|Any CPU.Build.0 = Debug|Any CPU
		{80CCF5E8-471F-4DA6-B972-99111426D08D}.Release|Any CPU.ActiveCfg = Release|Any CPU
		{80CCF5E8-471F-4DA6-B972-99111426D08D}.Release|Any CPU.Build.0 = Release|Any CPU
		{A287B25F-4F13-413F-8567-459B1720DC40}.Debug|Any CPU.ActiveCfg = Debug|Any CPU
		{A287B25F-4F13-413F-8567-459B1720DC40}.Debug|Any CPU.Build.0 = Debug|Any CPU
		{A287B25F-4F13-413F-8567-459B1720DC40}.Release|Any CPU.ActiveCfg = Release|Any CPU
		{A287B25F-4F13-413F-8567-459B1720DC40}.Release|Any CPU.Build.0 = Release|Any CPU
		{E6212D8F-86CA-4C6C-BD3C-C608B3558A06}.Debug|Any CPU.ActiveCfg = Debug|Any CPU
		{E6212D8F-86CA-4C6C-BD3C-C608B3558A06}.Debug|Any CPU.Build.0 = Debug|Any CPU
		{E6212D8F-86CA-4C6C-BD3C-C608B3558A06}.Release|Any CPU.ActiveCfg = Release|Any CPU
		{E6212D8F-86CA-4C6C-BD3C-C608B3558A06}.Release|Any CPU.Build.0 = Release|Any CPU
		{F9125B56-C6B8-4DFA-BF74-76157C2D092B}.Debug|Any CPU.ActiveCfg = Debug|Any CPU
		{F9125B56-C6B8-4DFA-BF74-76157C2D092B}.Debug|Any CPU.Build.0 = Debug|Any CPU
		{F9125B56-C6B8-4DFA-BF74-76157C2D092B}.Release|Any CPU.ActiveCfg = Release|Any CPU
		{F9125B56-C6B8-4DFA-BF74-76157C2D092B}.Release|Any CPU.Build.0 = Release|Any CPU
		{12B005C5-C6FB-4501-AE8D-6F84BFB2D915}.Debug|Any CPU.ActiveCfg = Debug|Any CPU
		{12B005C5-C6FB-4501-AE8D-6F84BFB2D915}.Debug|Any CPU.Build.0 = Debug|Any CPU
		{12B005C5-C6FB-4501-AE8D-6F84BFB2D915}.Release|Any CPU.ActiveCfg = Release|Any CPU
		{12B005C5-C6FB-4501-AE8D-6F84BFB2D915}.Release|Any CPU.Build.0 = Release|Any CPU
		{82BBCD49-54C4-4636-9C47-7D00DD26BEC9}.Debug|Any CPU.ActiveCfg = Debug|Any CPU
		{82BBCD49-54C4-4636-9C47-7D00DD26BEC9}.Debug|Any CPU.Build.0 = Debug|Any CPU
		{82BBCD49-54C4-4636-9C47-7D00DD26BEC9}.Release|Any CPU.ActiveCfg = Release|Any CPU
		{82BBCD49-54C4-4636-9C47-7D00DD26BEC9}.Release|Any CPU.Build.0 = Release|Any CPU
		{98DBAFDB-857E-448D-BC44-81BB9CBAFB42}.Debug|Any CPU.ActiveCfg = Debug|Any CPU
		{98DBAFDB-857E-448D-BC44-81BB9CBAFB42}.Debug|Any CPU.Build.0 = Debug|Any CPU
		{98DBAFDB-857E-448D-BC44-81BB9CBAFB42}.Release|Any CPU.ActiveCfg = Release|Any CPU
		{98DBAFDB-857E-448D-BC44-81BB9CBAFB42}.Release|Any CPU.Build.0 = Release|Any CPU
	EndGlobalSection
	GlobalSection(SolutionProperties) = preSolution
		HideSolutionNode = FALSE
	EndGlobalSection
	GlobalSection(NestedProjects) = preSolution
		{90440547-F0B4-431B-88F9-100835120E02} = {B00C1513-1659-4AA4-AA3C-D4F031D84BC7}
		{AA00406E-9111-4487-A44E-249B85CA9456} = {910E5210-D373-4087-93B5-16556E9F5A85}
		{313E1943-F505-46E0-B637-918486BB4713} = {910E5210-D373-4087-93B5-16556E9F5A85}
		{032E6F8D-A389-4395-ADDE-04C9E43113F0} = {77887E61-1C0A-4535-AD99-760B17175A56}
		{2560F65C-7264-49BE-9228-1CFDFEBE028F} = {032E6F8D-A389-4395-ADDE-04C9E43113F0}
		{5D75B7B9-947E-413F-9314-042D0A4B2D7C} = {032E6F8D-A389-4395-ADDE-04C9E43113F0}
		{81DA3A41-F52D-4D1B-8536-AF42AED78C4A} = {032E6F8D-A389-4395-ADDE-04C9E43113F0}
		{F29B70B2-CC32-4218-BF1B-624C225B4317} = {032E6F8D-A389-4395-ADDE-04C9E43113F0}
		{6274436D-05F8-4E9F-9BC5-AE91D80DC9AC} = {D86B31C3-819B-45EC-AD2B-78CC4D55C261}
		{560245E8-6AC8-4211-A31B-501A3B543597} = {D86B31C3-819B-45EC-AD2B-78CC4D55C261}
		{D86B31C3-819B-45EC-AD2B-78CC4D55C261} = {3A2B5BA6-0842-477F-A84E-F480B24F4B28}
		{4CC9ABBF-4B33-4359-BAFF-B71838BD6CDE} = {3A2B5BA6-0842-477F-A84E-F480B24F4B28}
		{E3719042-B820-4292-8130-5BC06267EF95} = {4CC9ABBF-4B33-4359-BAFF-B71838BD6CDE}
		{6F6ABA95-8493-474C-9B9B-71C9B8F351DF} = {910E5210-D373-4087-93B5-16556E9F5A85}
		{B00C1513-1659-4AA4-AA3C-D4F031D84BC7} = {77887E61-1C0A-4535-AD99-760B17175A56}
		{910E5210-D373-4087-93B5-16556E9F5A85} = {77887E61-1C0A-4535-AD99-760B17175A56}
		{39EE62E9-6773-4953-915E-1D227DE11C79} = {3A2B5BA6-0842-477F-A84E-F480B24F4B28}
		{251531C0-90F9-42FF-8BDE-45605DCF580E} = {39EE62E9-6773-4953-915E-1D227DE11C79}
		{86435531-1DB5-4954-8F9F-8187D30BD7F0} = {39EE62E9-6773-4953-915E-1D227DE11C79}
		{2AF26641-5B82-46F2-8211-6B709FD7585E} = {39EE62E9-6773-4953-915E-1D227DE11C79}
		{C8E30A8C-D6FA-4BA9-9315-2D2A2ADDA443} = {3A2B5BA6-0842-477F-A84E-F480B24F4B28}
		{C1983AC6-0F3B-4161-BB8A-8F98EEC62895} = {C8E30A8C-D6FA-4BA9-9315-2D2A2ADDA443}
		{C79358C2-CCD4-4372-8C20-2DD14A8E09D1} = {C8E30A8C-D6FA-4BA9-9315-2D2A2ADDA443}
		{7E53FBE2-A01F-4021-83D5-A6B6B9981926} = {C8E30A8C-D6FA-4BA9-9315-2D2A2ADDA443}
		{FB701168-2A4D-44F5-A311-00FAF03C5D21} = {3A2B5BA6-0842-477F-A84E-F480B24F4B28}
		{BA9A23FC-2BE2-493C-8BDD-FCC2459589E6} = {FB701168-2A4D-44F5-A311-00FAF03C5D21}
		{23888AFB-9CC3-480C-8965-1EE7676E9C1B} = {FB701168-2A4D-44F5-A311-00FAF03C5D21}
		{722022C7-F6A5-4D9A-8B23-128E6BC94C50} = {B00C1513-1659-4AA4-AA3C-D4F031D84BC7}
		{6D440024-9E76-404C-9C05-80D625BADEF7} = {98864387-DDCE-48C6-BF69-36188FE2DB1E}
		{3D260B1B-45A0-42CF-80FC-17F14E6E4F14} = {98864387-DDCE-48C6-BF69-36188FE2DB1E}
		{E70BD416-CE42-4C15-84EA-6AF287B80693} = {554C4DA1-538C-40C7-AB71-9FC584AF97BF}
		{B6EAC4CC-8850-461E-8DCD-135D5E9E3BB2} = {3A2B5BA6-0842-477F-A84E-F480B24F4B28}
		{C8D45C39-A563-4236-A3E9-6B1647D9227C} = {B6EAC4CC-8850-461E-8DCD-135D5E9E3BB2}
		{9EE7263A-AE20-4E66-92FB-6FC8E72EAC64} = {B6EAC4CC-8850-461E-8DCD-135D5E9E3BB2}
		{FCC56EAB-763F-476E-9F66-55484C67E540} = {61506C71-05DF-4373-A0F6-AECC352CE17B}
		{7CE53ED7-3718-4B5C-A3DA-A5CC7E705707} = {61506C71-05DF-4373-A0F6-AECC352CE17B}
		{80CCF5E8-471F-4DA6-B972-99111426D08D} = {61506C71-05DF-4373-A0F6-AECC352CE17B}
		{A287B25F-4F13-413F-8567-459B1720DC40} = {61506C71-05DF-4373-A0F6-AECC352CE17B}
		{E6212D8F-86CA-4C6C-BD3C-C608B3558A06} = {61506C71-05DF-4373-A0F6-AECC352CE17B}
		{F9125B56-C6B8-4DFA-BF74-76157C2D092B} = {61506C71-05DF-4373-A0F6-AECC352CE17B}
		{12B005C5-C6FB-4501-AE8D-6F84BFB2D915} = {61506C71-05DF-4373-A0F6-AECC352CE17B}
		{82BBCD49-54C4-4636-9C47-7D00DD26BEC9} = {61506C71-05DF-4373-A0F6-AECC352CE17B}
		{98DBAFDB-857E-448D-BC44-81BB9CBAFB42} = {61506C71-05DF-4373-A0F6-AECC352CE17B}
	EndGlobalSection
	GlobalSection(ExtensibilityGlobals) = postSolution
		SolutionGuid = {CD901E0C-C2D6-470D-94D2-E251AAC44A9B}
	EndGlobalSection
EndGlobal
