
Microsoft Visual Studio Solution File, Format Version 12.00
# Visual Studio Version 17
VisualStudioVersion = 17.1.32210.238
MinimumVisualStudioVersion = 10.0.40219.1
Project("{2150E333-8FDC-42A3-9474-1A3956D46DE8}") = "00.Common", "00.Common", "{3A2B5BA6-0842-477F-A84E-F480B24F4B28}"
EndProject
Project("{9A19103F-16F7-4668-BE54-9A1E7A4F7556}") = "RocketBlend.Common.AppInfo", "src\RocketBlend.Common.AppVersion\RocketBlend.Common.AppInfo.csproj", "{E3719042-B820-4292-8130-5BC06267EF95}"
EndProject
Project("{2150E333-8FDC-42A3-9474-1A3956D46DE8}") = "02.Tests", "02.Tests", "{945FF73F-674F-4C08-87C2-FB1EA1F6A104}"
EndProject
Project("{2150E333-8FDC-42A3-9474-1A3956D46DE8}") = "01.WebScraper", "01.WebScraper", "{39EE62E9-6773-4953-915E-1D227DE11C79}"
EndProject
Project("{9A19103F-16F7-4668-BE54-9A1E7A4F7556}") = "RocketBlend.WebScraper.Blender", "src\RocketBlend.WebScraper.Blender\RocketBlend.WebScraper.Blender.csproj", "{251531C0-90F9-42FF-8BDE-45605DCF580E}"
EndProject
Project("{9A19103F-16F7-4668-BE54-9A1E7A4F7556}") = "RocketBlend.WebScraper.Blender.Core", "src\RocketBlend.WebScraper.Blender.Core\RocketBlend.WebScraper.Blender.Core.csproj", "{86435531-1DB5-4954-8F9F-8187D30BD7F0}"
EndProject
Project("{9A19103F-16F7-4668-BE54-9A1E7A4F7556}") = "RocketBlend.WebScraper.Blender.Console", "src\RocketBlend.WebScraper.Blender.Console\RocketBlend.WebScraper.Blender.Console.csproj", "{2AF26641-5B82-46F2-8211-6B709FD7585E}"
EndProject
Project("{9A19103F-16F7-4668-BE54-9A1E7A4F7556}") = "RocketBlend.Presentation.Avalonia", "src\RocketBlend.Presentation.Avalonia\RocketBlend.Presentation.Avalonia.csproj", "{6D440024-9E76-404C-9C05-80D625BADEF7}"
EndProject
Project("{9A19103F-16F7-4668-BE54-9A1E7A4F7556}") = "RocketBlend.Presentation", "src\RocketBlend.Presentation\RocketBlend.Presentation.csproj", "{3D260B1B-45A0-42CF-80FC-17F14E6E4F14}"
EndProject
Project("{9A19103F-16F7-4668-BE54-9A1E7A4F7556}") = "RocketBlend.Avalonia.Themes.Horizon", "src\RocketBlend.Avalonia.Themes.Horizon\RocketBlend.Avalonia.Themes.Horizon.csproj", "{E70BD416-CE42-4C15-84EA-6AF287B80693}"
EndProject
Project("{9A19103F-16F7-4668-BE54-9A1E7A4F7556}") = "RocketBlend.Services.Avalonia", "src\RocketBlend.Services.Avalonia\RocketBlend.Services.Avalonia.csproj", "{9EE7263A-AE20-4E66-92FB-6FC8E72EAC64}"
EndProject
Project("{2150E333-8FDC-42A3-9474-1A3956D46DE8}") = "05.Services", "05.Services", "{61506C71-05DF-4373-A0F6-AECC352CE17B}"
EndProject
Project("{9A19103F-16F7-4668-BE54-9A1E7A4F7556}") = "RocketBlend.Services.Environment", "src\RocketBlend.Services.Environment\RocketBlend.Services.Environment.csproj", "{FCC56EAB-763F-476E-9F66-55484C67E540}"
EndProject
Project("{9A19103F-16F7-4668-BE54-9A1E7A4F7556}") = "RocketBlend.Services", "src\RocketBlend.Services\RocketBlend.Services.csproj", "{7CE53ED7-3718-4B5C-A3DA-A5CC7E705707}"
EndProject
Project("{9A19103F-16F7-4668-BE54-9A1E7A4F7556}") = "RocketBlend.Extensions", "src\RocketBlend.Extensions\RocketBlend.Extensions.csproj", "{80CCF5E8-471F-4DA6-B972-99111426D08D}"
EndProject
Project("{2150E333-8FDC-42A3-9474-1A3956D46DE8}") = "03.Themes", "03.Themes", "{554C4DA1-538C-40C7-AB71-9FC584AF97BF}"
EndProject
Project("{2150E333-8FDC-42A3-9474-1A3956D46DE8}") = "04.Presentation", "04.Presentation", "{98864387-DDCE-48C6-BF69-36188FE2DB1E}"
EndProject
Project("{9A19103F-16F7-4668-BE54-9A1E7A4F7556}") = "RocketBlend.Services.Abstractions", "src\RocketBlend.Services.Abstractions\RocketBlend.Services.Abstractions.csproj", "{A287B25F-4F13-413F-8567-459B1720DC40}"
EndProject
Project("{9A19103F-16F7-4668-BE54-9A1E7A4F7556}") = "RocketBlend.Services.Operations", "src\RocketBlend.Services.Operations\RocketBlend.Services.Operations.csproj", "{F9125B56-C6B8-4DFA-BF74-76157C2D092B}"
EndProject
Project("{9A19103F-16F7-4668-BE54-9A1E7A4F7556}") = "RocketBlend.Services.Windows", "src\RocketBlend.Services.Windows\RocketBlend.Services.Windows.csproj", "{12B005C5-C6FB-4501-AE8D-6F84BFB2D915}"
EndProject
Project("{9A19103F-16F7-4668-BE54-9A1E7A4F7556}") = "RocketBlend.Services.AllPlatforms", "src\RocketBlend.Services.AllPlatforms\RocketBlend.Services.AllPlatforms.csproj", "{82BBCD49-54C4-4636-9C47-7D00DD26BEC9}"
EndProject
Project("{9A19103F-16F7-4668-BE54-9A1E7A4F7556}") = "RocketBlend.Services.Archive", "src\RocketBlend.Services.Archive\RocketBlend.Services.Archive.csproj", "{98DBAFDB-857E-448D-BC44-81BB9CBAFB42}"
EndProject
Project("{9A19103F-16F7-4668-BE54-9A1E7A4F7556}") = "AsyncImageLoader.Avalonia", "src\AsyncImageLoader.Avalonia\AsyncImageLoader.Avalonia.csproj", "{A0B888F0-9DB0-44B0-A520-ECE75CD5EA6C}"
EndProject
Global
	GlobalSection(SolutionConfigurationPlatforms) = preSolution
		Debug|Any CPU = Debug|Any CPU
		Release|Any CPU = Release|Any CPU
	EndGlobalSection
	GlobalSection(ProjectConfigurationPlatforms) = postSolution
		{E3719042-B820-4292-8130-5BC06267EF95}.Debug|Any CPU.ActiveCfg = Debug|Any CPU
		{E3719042-B820-4292-8130-5BC06267EF95}.Debug|Any CPU.Build.0 = Debug|Any CPU
		{E3719042-B820-4292-8130-5BC06267EF95}.Release|Any CPU.ActiveCfg = Release|Any CPU
		{E3719042-B820-4292-8130-5BC06267EF95}.Release|Any CPU.Build.0 = Release|Any CPU
		{251531C0-90F9-42FF-8BDE-45605DCF580E}.Debug|Any CPU.ActiveCfg = Debug|Any CPU
		{251531C0-90F9-42FF-8BDE-45605DCF580E}.Debug|Any CPU.Build.0 = Debug|Any CPU
		{251531C0-90F9-42FF-8BDE-45605DCF580E}.Release|Any CPU.ActiveCfg = Release|Any CPU
		{251531C0-90F9-42FF-8BDE-45605DCF580E}.Release|Any CPU.Build.0 = Release|Any CPU
		{86435531-1DB5-4954-8F9F-8187D30BD7F0}.Debug|Any CPU.ActiveCfg = Debug|Any CPU
		{86435531-1DB5-4954-8F9F-8187D30BD7F0}.Debug|Any CPU.Build.0 = Debug|Any CPU
		{86435531-1DB5-4954-8F9F-8187D30BD7F0}.Release|Any CPU.ActiveCfg = Release|Any CPU
		{86435531-1DB5-4954-8F9F-8187D30BD7F0}.Release|Any CPU.Build.0 = Release|Any CPU
		{2AF26641-5B82-46F2-8211-6B709FD7585E}.Debug|Any CPU.ActiveCfg = Debug|Any CPU
		{2AF26641-5B82-46F2-8211-6B709FD7585E}.Debug|Any CPU.Build.0 = Debug|Any CPU
		{2AF26641-5B82-46F2-8211-6B709FD7585E}.Release|Any CPU.ActiveCfg = Release|Any CPU
		{2AF26641-5B82-46F2-8211-6B709FD7585E}.Release|Any CPU.Build.0 = Release|Any CPU
		{6D440024-9E76-404C-9C05-80D625BADEF7}.Debug|Any CPU.ActiveCfg = Debug|Any CPU
		{6D440024-9E76-404C-9C05-80D625BADEF7}.Debug|Any CPU.Build.0 = Debug|Any CPU
		{6D440024-9E76-404C-9C05-80D625BADEF7}.Release|Any CPU.ActiveCfg = Release|Any CPU
		{6D440024-9E76-404C-9C05-80D625BADEF7}.Release|Any CPU.Build.0 = Release|Any CPU
		{3D260B1B-45A0-42CF-80FC-17F14E6E4F14}.Debug|Any CPU.ActiveCfg = Debug|Any CPU
		{3D260B1B-45A0-42CF-80FC-17F14E6E4F14}.Debug|Any CPU.Build.0 = Debug|Any CPU
		{3D260B1B-45A0-42CF-80FC-17F14E6E4F14}.Release|Any CPU.ActiveCfg = Release|Any CPU
		{3D260B1B-45A0-42CF-80FC-17F14E6E4F14}.Release|Any CPU.Build.0 = Release|Any CPU
		{E70BD416-CE42-4C15-84EA-6AF287B80693}.Debug|Any CPU.ActiveCfg = Debug|Any CPU
		{E70BD416-CE42-4C15-84EA-6AF287B80693}.Debug|Any CPU.Build.0 = Debug|Any CPU
		{E70BD416-CE42-4C15-84EA-6AF287B80693}.Release|Any CPU.ActiveCfg = Release|Any CPU
		{E70BD416-CE42-4C15-84EA-6AF287B80693}.Release|Any CPU.Build.0 = Release|Any CPU
		{9EE7263A-AE20-4E66-92FB-6FC8E72EAC64}.Debug|Any CPU.ActiveCfg = Debug|Any CPU
		{9EE7263A-AE20-4E66-92FB-6FC8E72EAC64}.Debug|Any CPU.Build.0 = Debug|Any CPU
		{9EE7263A-AE20-4E66-92FB-6FC8E72EAC64}.Release|Any CPU.ActiveCfg = Release|Any CPU
		{9EE7263A-AE20-4E66-92FB-6FC8E72EAC64}.Release|Any CPU.Build.0 = Release|Any CPU
		{FCC56EAB-763F-476E-9F66-55484C67E540}.Debug|Any CPU.ActiveCfg = Debug|Any CPU
		{FCC56EAB-763F-476E-9F66-55484C67E540}.Debug|Any CPU.Build.0 = Debug|Any CPU
		{FCC56EAB-763F-476E-9F66-55484C67E540}.Release|Any CPU.ActiveCfg = Release|Any CPU
		{FCC56EAB-763F-476E-9F66-55484C67E540}.Release|Any CPU.Build.0 = Release|Any CPU
		{7CE53ED7-3718-4B5C-A3DA-A5CC7E705707}.Debug|Any CPU.ActiveCfg = Debug|Any CPU
		{7CE53ED7-3718-4B5C-A3DA-A5CC7E705707}.Debug|Any CPU.Build.0 = Debug|Any CPU
		{7CE53ED7-3718-4B5C-A3DA-A5CC7E705707}.Release|Any CPU.ActiveCfg = Release|Any CPU
		{7CE53ED7-3718-4B5C-A3DA-A5CC7E705707}.Release|Any CPU.Build.0 = Release|Any CPU
		{80CCF5E8-471F-4DA6-B972-99111426D08D}.Debug|Any CPU.ActiveCfg = Debug|Any CPU
		{80CCF5E8-471F-4DA6-B972-99111426D08D}.Debug|Any CPU.Build.0 = Debug|Any CPU
		{80CCF5E8-471F-4DA6-B972-99111426D08D}.Release|Any CPU.ActiveCfg = Release|Any CPU
		{80CCF5E8-471F-4DA6-B972-99111426D08D}.Release|Any CPU.Build.0 = Release|Any CPU
		{A287B25F-4F13-413F-8567-459B1720DC40}.Debug|Any CPU.ActiveCfg = Debug|Any CPU
		{A287B25F-4F13-413F-8567-459B1720DC40}.Debug|Any CPU.Build.0 = Debug|Any CPU
		{A287B25F-4F13-413F-8567-459B1720DC40}.Release|Any CPU.ActiveCfg = Release|Any CPU
		{A287B25F-4F13-413F-8567-459B1720DC40}.Release|Any CPU.Build.0 = Release|Any CPU
		{F9125B56-C6B8-4DFA-BF74-76157C2D092B}.Debug|Any CPU.ActiveCfg = Debug|Any CPU
		{F9125B56-C6B8-4DFA-BF74-76157C2D092B}.Debug|Any CPU.Build.0 = Debug|Any CPU
		{F9125B56-C6B8-4DFA-BF74-76157C2D092B}.Release|Any CPU.ActiveCfg = Release|Any CPU
		{F9125B56-C6B8-4DFA-BF74-76157C2D092B}.Release|Any CPU.Build.0 = Release|Any CPU
		{12B005C5-C6FB-4501-AE8D-6F84BFB2D915}.Debug|Any CPU.ActiveCfg = Debug|Any CPU
		{12B005C5-C6FB-4501-AE8D-6F84BFB2D915}.Debug|Any CPU.Build.0 = Debug|Any CPU
		{12B005C5-C6FB-4501-AE8D-6F84BFB2D915}.Release|Any CPU.ActiveCfg = Release|Any CPU
		{12B005C5-C6FB-4501-AE8D-6F84BFB2D915}.Release|Any CPU.Build.0 = Release|Any CPU
		{82BBCD49-54C4-4636-9C47-7D00DD26BEC9}.Debug|Any CPU.ActiveCfg = Debug|Any CPU
		{82BBCD49-54C4-4636-9C47-7D00DD26BEC9}.Debug|Any CPU.Build.0 = Debug|Any CPU
		{82BBCD49-54C4-4636-9C47-7D00DD26BEC9}.Release|Any CPU.ActiveCfg = Release|Any CPU
		{82BBCD49-54C4-4636-9C47-7D00DD26BEC9}.Release|Any CPU.Build.0 = Release|Any CPU
		{98DBAFDB-857E-448D-BC44-81BB9CBAFB42}.Debug|Any CPU.ActiveCfg = Debug|Any CPU
		{98DBAFDB-857E-448D-BC44-81BB9CBAFB42}.Debug|Any CPU.Build.0 = Debug|Any CPU
		{98DBAFDB-857E-448D-BC44-81BB9CBAFB42}.Release|Any CPU.ActiveCfg = Release|Any CPU
		{98DBAFDB-857E-448D-BC44-81BB9CBAFB42}.Release|Any CPU.Build.0 = Release|Any CPU
		{A0B888F0-9DB0-44B0-A520-ECE75CD5EA6C}.Debug|Any CPU.ActiveCfg = Debug|Any CPU
		{A0B888F0-9DB0-44B0-A520-ECE75CD5EA6C}.Debug|Any CPU.Build.0 = Debug|Any CPU
		{A0B888F0-9DB0-44B0-A520-ECE75CD5EA6C}.Release|Any CPU.ActiveCfg = Release|Any CPU
		{A0B888F0-9DB0-44B0-A520-ECE75CD5EA6C}.Release|Any CPU.Build.0 = Release|Any CPU
	EndGlobalSection
	GlobalSection(SolutionProperties) = preSolution
		HideSolutionNode = FALSE
	EndGlobalSection
	GlobalSection(NestedProjects) = preSolution
		{E3719042-B820-4292-8130-5BC06267EF95} = {3A2B5BA6-0842-477F-A84E-F480B24F4B28}
		{251531C0-90F9-42FF-8BDE-45605DCF580E} = {39EE62E9-6773-4953-915E-1D227DE11C79}
		{86435531-1DB5-4954-8F9F-8187D30BD7F0} = {39EE62E9-6773-4953-915E-1D227DE11C79}
		{2AF26641-5B82-46F2-8211-6B709FD7585E} = {39EE62E9-6773-4953-915E-1D227DE11C79}
		{6D440024-9E76-404C-9C05-80D625BADEF7} = {98864387-DDCE-48C6-BF69-36188FE2DB1E}
		{3D260B1B-45A0-42CF-80FC-17F14E6E4F14} = {98864387-DDCE-48C6-BF69-36188FE2DB1E}
		{E70BD416-CE42-4C15-84EA-6AF287B80693} = {554C4DA1-538C-40C7-AB71-9FC584AF97BF}
		{9EE7263A-AE20-4E66-92FB-6FC8E72EAC64} = {61506C71-05DF-4373-A0F6-AECC352CE17B}
		{FCC56EAB-763F-476E-9F66-55484C67E540} = {61506C71-05DF-4373-A0F6-AECC352CE17B}
		{7CE53ED7-3718-4B5C-A3DA-A5CC7E705707} = {61506C71-05DF-4373-A0F6-AECC352CE17B}
		{80CCF5E8-471F-4DA6-B972-99111426D08D} = {61506C71-05DF-4373-A0F6-AECC352CE17B}
		{A287B25F-4F13-413F-8567-459B1720DC40} = {61506C71-05DF-4373-A0F6-AECC352CE17B}
		{F9125B56-C6B8-4DFA-BF74-76157C2D092B} = {61506C71-05DF-4373-A0F6-AECC352CE17B}
		{12B005C5-C6FB-4501-AE8D-6F84BFB2D915} = {61506C71-05DF-4373-A0F6-AECC352CE17B}
		{82BBCD49-54C4-4636-9C47-7D00DD26BEC9} = {61506C71-05DF-4373-A0F6-AECC352CE17B}
		{98DBAFDB-857E-448D-BC44-81BB9CBAFB42} = {61506C71-05DF-4373-A0F6-AECC352CE17B}
		{A0B888F0-9DB0-44B0-A520-ECE75CD5EA6C} = {3A2B5BA6-0842-477F-A84E-F480B24F4B28}
	EndGlobalSection
	GlobalSection(ExtensibilityGlobals) = postSolution
		SolutionGuid = {CD901E0C-C2D6-470D-94D2-E251AAC44A9B}
	EndGlobalSection
EndGlobal
